
Microsoft Visual Studio Solution File, Format Version 12.00
# Visual Studio Version 17
VisualStudioVersion = 17.9.34728.123
MinimumVisualStudioVersion = 10.0.40219.1
Project("{9A19103F-16F7-4668-BE54-9A1E7A4F7556}") = "Garage3.0", "Garage3.0\Garage3.0.csproj", "{ABB847F3-483A-4B4E-B8EF-9EE96F5BDA98}"
EndProject
Global
	GlobalSection(SolutionConfigurationPlatforms) = preSolution
		Debug|Any CPU = Debug|Any CPU
		Release|Any CPU = Release|Any CPU
	EndGlobalSection
	GlobalSection(ProjectConfigurationPlatforms) = postSolution
		{ABB847F3-483A-4B4E-B8EF-9EE96F5BDA98}.Debug|Any CPU.ActiveCfg = Debug|Any CPU
		{ABB847F3-483A-4B4E-B8EF-9EE96F5BDA98}.Debug|Any CPU.Build.0 = Debug|Any CPU
		{ABB847F3-483A-4B4E-B8EF-9EE96F5BDA98}.Release|Any CPU.ActiveCfg = Release|Any CPU
		{ABB847F3-483A-4B4E-B8EF-9EE96F5BDA98}.Release|Any CPU.Build.0 = Release|Any CPU
	EndGlobalSection
	GlobalSection(SolutionProperties) = preSolution
		HideSolutionNode = FALSE
	EndGlobalSection
	GlobalSection(ExtensibilityGlobals) = postSolution
		SolutionGuid = {D808EA31-A957-41B4-B73E-7D2C7F52A66E}
	EndGlobalSection
EndGlobal
